
Microsoft Visual Studio Solution File, Format Version 12.00
# Visual Studio Version 16
VisualStudioVersion = 16.0.31005.135
MinimumVisualStudioVersion = 10.0.40219.1
Project("{FAE04EC0-301F-11D3-BF4B-00C04F79EFBC}") = "DolgozoProjekt", "DolgozoProjekt\DolgozoProjekt.csproj", "{99409C10-C5AC-4751-B611-427A94AC72F6}"
EndProject
Global
	GlobalSection(SolutionConfigurationPlatforms) = preSolution
		Debug|Any CPU = Debug|Any CPU
		Release|Any CPU = Release|Any CPU
	EndGlobalSection
	GlobalSection(ProjectConfigurationPlatforms) = postSolution
		{99409C10-C5AC-4751-B611-427A94AC72F6}.Debug|Any CPU.ActiveCfg = Debug|Any CPU
		{99409C10-C5AC-4751-B611-427A94AC72F6}.Debug|Any CPU.Build.0 = Debug|Any CPU
		{99409C10-C5AC-4751-B611-427A94AC72F6}.Release|Any CPU.ActiveCfg = Release|Any CPU
		{99409C10-C5AC-4751-B611-427A94AC72F6}.Release|Any CPU.Build.0 = Release|Any CPU
	EndGlobalSection
	GlobalSection(SolutionProperties) = preSolution
		HideSolutionNode = FALSE
	EndGlobalSection
	GlobalSection(ExtensibilityGlobals) = postSolution
		SolutionGuid = {236E37A6-728D-474E-A772-9B2F6E0B89AE}
	EndGlobalSection
EndGlobal
